PODS:
  - FontAwesome-iOS (0.0.4)
  - LRResty (0.11.0):
    - NSData+Base64 (~> 1.0)
  - NSData+Base64 (1.0.0)
  - SVProgressHUD (1.1.2)

DEPENDENCIES:
  - FontAwesome-iOS
  - LRResty (~> 0.11.0)
  - SVProgressHUD

SPEC CHECKSUMS:
  FontAwesome-iOS: 0fd503f7ae46780e17c2dd98e70fed30b5f90322
  LRResty: 467e28055e87083e264cfff5a900818cc81a7e1e
  NSData+Base64: 4e84902c4db907a15673474677e57763ef3903e4
  SVProgressHUD: 3afb875b9eb23acd1bed9b82495695c68621a8b2

COCOAPODS: 0.39.0
